
Microsoft Visual Studio Solution File, Format Version 12.00
# Visual Studio 15
VisualStudioVersion = 15.0.27703.2035
MinimumVisualStudioVersion = 10.0.40219.1
Project("{FAE04EC0-301F-11D3-BF4B-00C04F79EFBC}") = "ProcessStopwatch\ProcessStopwatch", "ProcessStopwatch\ProcessStopwatch\ProcessStopwatch.csproj", "{871435F5-5AFF-49A9-A130-F81E9C1D741A}"
EndProject
Global
	GlobalSection(SolutionConfigurationPlatforms) = preSolution
		Debug|Any CPU = Debug|Any CPU
		Release|Any CPU = Release|Any CPU
	EndGlobalSection
	GlobalSection(ProjectConfigurationPlatforms) = postSolution
		{871435F5-5AFF-49A9-A130-F81E9C1D741A}.Debug|Any CPU.ActiveCfg = Debug|Any CPU
		{871435F5-5AFF-49A9-A130-F81E9C1D741A}.Debug|Any CPU.Build.0 = Debug|Any CPU
		{871435F5-5AFF-49A9-A130-F81E9C1D741A}.Release|Any CPU.ActiveCfg = Release|Any CPU
		{871435F5-5AFF-49A9-A130-F81E9C1D741A}.Release|Any CPU.Build.0 = Release|Any CPU
	EndGlobalSection
	GlobalSection(SolutionProperties) = preSolution
		HideSolutionNode = FALSE
	EndGlobalSection
	GlobalSection(ExtensibilityGlobals) = postSolution
		SolutionGuid = {56F389D5-3087-4747-88D3-CACC100EE1CA}
	EndGlobalSection
EndGlobal
