
Microsoft Visual Studio Solution File, Format Version 12.00
# Visual Studio 15
VisualStudioVersion = 15.0.27703.2035
MinimumVisualStudioVersion = 10.0.40219.1
Project("{FAE04EC0-301F-11D3-BF4B-00C04F79EFBC}") = "MobileStopwatch.Android", "MobileStopwatch\MobileStopwatch.Android\MobileStopwatch.Android.csproj", "{D62ACC36-CD78-4670-A2F8-8F30420EA96E}"
EndProject
Project("{FAE04EC0-301F-11D3-BF4B-00C04F79EFBC}") = "MobileStopwatch.iOS", "MobileStopwatch\MobileStopwatch.iOS\MobileStopwatch.iOS.csproj", "{2FC032F7-27B7-4E3A-8164-B66D467FEAF1}"
EndProject
Project("{FAE04EC0-301F-11D3-BF4B-00C04F79EFBC}") = "MobileStopwatch.UWP", "MobileStopwatch\MobileStopwatch.UWP\MobileStopwatch.UWP.csproj", "{119BFFC8-4290-4793-80B0-00C14D48ADAA}"
EndProject
Project("{D954291E-2A0B-460D-934E-DC6B0785DB48}") = "MobileStopwatch", "MobileStopwatch\MobileStopwatch\MobileStopwatch.shproj", "{ACE7A415-9A00-4ED9-9C32-52B106EECB84}"
EndProject
Global
	GlobalSection(SharedMSBuildProjectFiles) = preSolution
		MobileStopwatch\MobileStopwatch\MobileStopwatch.projitems*{119bffc8-4290-4793-80b0-00c14d48adaa}*SharedItemsImports = 4
		MobileStopwatch\MobileStopwatch\MobileStopwatch.projitems*{2fc032f7-27b7-4e3a-8164-b66d467feaf1}*SharedItemsImports = 4
		MobileStopwatch\MobileStopwatch\MobileStopwatch.projitems*{ace7a415-9a00-4ed9-9c32-52b106eecb84}*SharedItemsImports = 13
		MobileStopwatch\MobileStopwatch\MobileStopwatch.projitems*{d62acc36-cd78-4670-a2f8-8f30420ea96e}*SharedItemsImports = 4
	EndGlobalSection
	GlobalSection(SolutionConfigurationPlatforms) = preSolution
		Ad-Hoc|Any CPU = Ad-Hoc|Any CPU
		Ad-Hoc|ARM = Ad-Hoc|ARM
		Ad-Hoc|iPhone = Ad-Hoc|iPhone
		Ad-Hoc|iPhoneSimulator = Ad-Hoc|iPhoneSimulator
		Ad-Hoc|x64 = Ad-Hoc|x64
		Ad-Hoc|x86 = Ad-Hoc|x86
		AppStore|Any CPU = AppStore|Any CPU
		AppStore|ARM = AppStore|ARM
		AppStore|iPhone = AppStore|iPhone
		AppStore|iPhoneSimulator = AppStore|iPhoneSimulator
		AppStore|x64 = AppStore|x64
		AppStore|x86 = AppStore|x86
		Debug|Any CPU = Debug|Any CPU
		Debug|ARM = Debug|ARM
		Debug|iPhone = Debug|iPhone
		Debug|iPhoneSimulator = Debug|iPhoneSimulator
		Debug|x64 = Debug|x64
		Debug|x86 = Debug|x86
		Release|Any CPU = Release|Any CPU
		Release|ARM = Release|ARM
		Release|iPhone = Release|iPhone
		Release|iPhoneSimulator = Release|iPhoneSimulator
		Release|x64 = Release|x64
		Release|x86 = Release|x86
	EndGlobalSection
	GlobalSection(ProjectConfigurationPlatforms) = postSolution
		{D62ACC36-CD78-4670-A2F8-8F30420EA96E}.Ad-Hoc|Any CPU.ActiveCfg = Release|Any CPU
		{D62ACC36-CD78-4670-A2F8-8F30420EA96E}.Ad-Hoc|Any CPU.Build.0 = Release|Any CPU
		{D62ACC36-CD78-4670-A2F8-8F30420EA96E}.Ad-Hoc|Any CPU.Deploy.0 = Release|Any CPU
		{D62ACC36-CD78-4670-A2F8-8F30420EA96E}.Ad-Hoc|ARM.ActiveCfg = Release|Any CPU
		{D62ACC36-CD78-4670-A2F8-8F30420EA96E}.Ad-Hoc|ARM.Build.0 = Release|Any CPU
		{D62ACC36-CD78-4670-A2F8-8F30420EA96E}.Ad-Hoc|ARM.Deploy.0 = Release|Any CPU
		{D62ACC36-CD78-4670-A2F8-8F30420EA96E}.Ad-Hoc|iPhone.ActiveCfg = Release|Any CPU
		{D62ACC36-CD78-4670-A2F8-8F30420EA96E}.Ad-Hoc|iPhone.Build.0 = Release|Any CPU
		{D62ACC36-CD78-4670-A2F8-8F30420EA96E}.Ad-Hoc|iPhone.Deploy.0 = Release|Any CPU
		{D62ACC36-CD78-4670-A2F8-8F30420EA96E}.Ad-Hoc|iPhoneSimulator.ActiveCfg = Release|Any CPU
		{D62ACC36-CD78-4670-A2F8-8F30420EA96E}.Ad-Hoc|iPhoneSimulator.Build.0 = Release|Any CPU
		{D62ACC36-CD78-4670-A2F8-8F30420EA96E}.Ad-Hoc|iPhoneSimulator.Deploy.0 = Release|Any CPU
		{D62ACC36-CD78-4670-A2F8-8F30420EA96E}.Ad-Hoc|x64.ActiveCfg = Release|Any CPU
		{D62ACC36-CD78-4670-A2F8-8F30420EA96E}.Ad-Hoc|x64.Build.0 = Release|Any CPU
		{D62ACC36-CD78-4670-A2F8-8F30420EA96E}.Ad-Hoc|x64.Deploy.0 = Release|Any CPU
		{D62ACC36-CD78-4670-A2F8-8F30420EA96E}.Ad-Hoc|x86.ActiveCfg = Release|Any CPU
		{D62ACC36-CD78-4670-A2F8-8F30420EA96E}.Ad-Hoc|x86.Build.0 = Release|Any CPU
		{D62ACC36-CD78-4670-A2F8-8F30420EA96E}.Ad-Hoc|x86.Deploy.0 = Release|Any CPU
		{D62ACC36-CD78-4670-A2F8-8F30420EA96E}.AppStore|Any CPU.ActiveCfg = Release|Any CPU
		{D62ACC36-CD78-4670-A2F8-8F30420EA96E}.AppStore|Any CPU.Build.0 = Release|Any CPU
		{D62ACC36-CD78-4670-A2F8-8F30420EA96E}.AppStore|Any CPU.Deploy.0 = Release|Any CPU
		{D62ACC36-CD78-4670-A2F8-8F30420EA96E}.AppStore|ARM.ActiveCfg = Release|Any CPU
		{D62ACC36-CD78-4670-A2F8-8F30420EA96E}.AppStore|ARM.Build.0 = Release|Any CPU
		{D62ACC36-CD78-4670-A2F8-8F30420EA96E}.AppStore|ARM.Deploy.0 = Release|Any CPU
		{D62ACC36-CD78-4670-A2F8-8F30420EA96E}.AppStore|iPhone.ActiveCfg = Release|Any CPU
		{D62ACC36-CD78-4670-A2F8-8F30420EA96E}.AppStore|iPhone.Build.0 = Release|Any CPU
		{D62ACC36-CD78-4670-A2F8-8F30420EA96E}.AppStore|iPhone.Deploy.0 = Release|Any CPU
		{D62ACC36-CD78-4670-A2F8-8F30420EA96E}.AppStore|iPhoneSimulator.ActiveCfg = Release|Any CPU
		{D62ACC36-CD78-4670-A2F8-8F30420EA96E}.AppStore|iPhoneSimulator.Build.0 = Release|Any CPU
		{D62ACC36-CD78-4670-A2F8-8F30420EA96E}.AppStore|iPhoneSimulator.Deploy.0 = Release|Any CPU
		{D62ACC36-CD78-4670-A2F8-8F30420EA96E}.AppStore|x64.ActiveCfg = Release|Any CPU
		{D62ACC36-CD78-4670-A2F8-8F30420EA96E}.AppStore|x64.Build.0 = Release|Any CPU
		{D62ACC36-CD78-4670-A2F8-8F30420EA96E}.AppStore|x64.Deploy.0 = Release|Any CPU
		{D62ACC36-CD78-4670-A2F8-8F30420EA96E}.AppStore|x86.ActiveCfg = Release|Any CPU
		{D62ACC36-CD78-4670-A2F8-8F30420EA96E}.AppStore|x86.Build.0 = Release|Any CPU
		{D62ACC36-CD78-4670-A2F8-8F30420EA96E}.AppStore|x86.Deploy.0 = Release|Any CPU
		{D62ACC36-CD78-4670-A2F8-8F30420EA96E}.Debug|Any CPU.ActiveCfg = Debug|Any CPU
		{D62ACC36-CD78-4670-A2F8-8F30420EA96E}.Debug|Any CPU.Build.0 = Debug|Any CPU
		{D62ACC36-CD78-4670-A2F8-8F30420EA96E}.Debug|Any CPU.Deploy.0 = Debug|Any CPU
		{D62ACC36-CD78-4670-A2F8-8F30420EA96E}.Debug|ARM.ActiveCfg = Debug|Any CPU
		{D62ACC36-CD78-4670-A2F8-8F30420EA96E}.Debug|ARM.Build.0 = Debug|Any CPU
		{D62ACC36-CD78-4670-A2F8-8F30420EA96E}.Debug|ARM.Deploy.0 = Debug|Any CPU
		{D62ACC36-CD78-4670-A2F8-8F30420EA96E}.Debug|iPhone.ActiveCfg = Debug|Any CPU
		{D62ACC36-CD78-4670-A2F8-8F30420EA96E}.Debug|iPhone.Build.0 = Debug|Any CPU
		{D62ACC36-CD78-4670-A2F8-8F30420EA96E}.Debug|iPhone.Deploy.0 = Debug|Any CPU
		{D62ACC36-CD78-4670-A2F8-8F30420EA96E}.Debug|iPhoneSimulator.ActiveCfg = Debug|Any CPU
		{D62ACC36-CD78-4670-A2F8-8F30420EA96E}.Debug|iPhoneSimulator.Build.0 = Debug|Any CPU
		{D62ACC36-CD78-4670-A2F8-8F30420EA96E}.Debug|iPhoneSimulator.Deploy.0 = Debug|Any CPU
		{D62ACC36-CD78-4670-A2F8-8F30420EA96E}.Debug|x64.ActiveCfg = Debug|Any CPU
		{D62ACC36-CD78-4670-A2F8-8F30420EA96E}.Debug|x64.Build.0 = Debug|Any CPU
		{D62ACC36-CD78-4670-A2F8-8F30420EA96E}.Debug|x64.Deploy.0 = Debug|Any CPU
		{D62ACC36-CD78-4670-A2F8-8F30420EA96E}.Debug|x86.ActiveCfg = Debug|Any CPU
		{D62ACC36-CD78-4670-A2F8-8F30420EA96E}.Debug|x86.Build.0 = Debug|Any CPU
		{D62ACC36-CD78-4670-A2F8-8F30420EA96E}.Debug|x86.Deploy.0 = Debug|Any CPU
		{D62ACC36-CD78-4670-A2F8-8F30420EA96E}.Release|Any CPU.ActiveCfg = Release|Any CPU
		{D62ACC36-CD78-4670-A2F8-8F30420EA96E}.Release|Any CPU.Build.0 = Release|Any CPU
		{D62ACC36-CD78-4670-A2F8-8F30420EA96E}.Release|Any CPU.Deploy.0 = Release|Any CPU
		{D62ACC36-CD78-4670-A2F8-8F30420EA96E}.Release|ARM.ActiveCfg = Release|Any CPU
		{D62ACC36-CD78-4670-A2F8-8F30420EA96E}.Release|ARM.Build.0 = Release|Any CPU
		{D62ACC36-CD78-4670-A2F8-8F30420EA96E}.Release|ARM.Deploy.0 = Release|Any CPU
		{D62ACC36-CD78-4670-A2F8-8F30420EA96E}.Release|iPhone.ActiveCfg = Release|Any CPU
		{D62ACC36-CD78-4670-A2F8-8F30420EA96E}.Release|iPhone.Build.0 = Release|Any CPU
		{D62ACC36-CD78-4670-A2F8-8F30420EA96E}.Release|iPhone.Deploy.0 = Release|Any CPU
		{D62ACC36-CD78-4670-A2F8-8F30420EA96E}.Release|iPhoneSimulator.ActiveCfg = Release|Any CPU
		{D62ACC36-CD78-4670-A2F8-8F30420EA96E}.Release|iPhoneSimulator.Build.0 = Release|Any CPU
		{D62ACC36-CD78-4670-A2F8-8F30420EA96E}.Release|iPhoneSimulator.Deploy.0 = Release|Any CPU
		{D62ACC36-CD78-4670-A2F8-8F30420EA96E}.Release|x64.ActiveCfg = Release|Any CPU
		{D62ACC36-CD78-4670-A2F8-8F30420EA96E}.Release|x64.Build.0 = Release|Any CPU
		{D62ACC36-CD78-4670-A2F8-8F30420EA96E}.Release|x64.Deploy.0 = Release|Any CPU
		{D62ACC36-CD78-4670-A2F8-8F30420EA96E}.Release|x86.ActiveCfg = Release|Any CPU
		{D62ACC36-CD78-4670-A2F8-8F30420EA96E}.Release|x86.Build.0 = Release|Any CPU
		{D62ACC36-CD78-4670-A2F8-8F30420EA96E}.Release|x86.Deploy.0 = Release|Any CPU
		{2FC032F7-27B7-4E3A-8164-B66D467FEAF1}.Ad-Hoc|Any CPU.ActiveCfg = Ad-Hoc|iPhone
		{2FC032F7-27B7-4E3A-8164-B66D467FEAF1}.Ad-Hoc|Any CPU.Build.0 = Ad-Hoc|iPhone
		{2FC032F7-27B7-4E3A-8164-B66D467FEAF1}.Ad-Hoc|Any CPU.Deploy.0 = Ad-Hoc|iPhone
		{2FC032F7-27B7-4E3A-8164-B66D467FEAF1}.Ad-Hoc|ARM.ActiveCfg = Ad-Hoc|iPhone
		{2FC032F7-27B7-4E3A-8164-B66D467FEAF1}.Ad-Hoc|ARM.Build.0 = Ad-Hoc|iPhone
		{2FC032F7-27B7-4E3A-8164-B66D467FEAF1}.Ad-Hoc|ARM.Deploy.0 = Ad-Hoc|iPhone
		{2FC032F7-27B7-4E3A-8164-B66D467FEAF1}.Ad-Hoc|iPhone.ActiveCfg = Ad-Hoc|iPhone
		{2FC032F7-27B7-4E3A-8164-B66D467FEAF1}.Ad-Hoc|iPhone.Build.0 = Ad-Hoc|iPhone
		{2FC032F7-27B7-4E3A-8164-B66D467FEAF1}.Ad-Hoc|iPhone.Deploy.0 = Ad-Hoc|iPhone
		{2FC032F7-27B7-4E3A-8164-B66D467FEAF1}.Ad-Hoc|iPhoneSimulator.ActiveCfg = Ad-Hoc|iPhoneSimulator
		{2FC032F7-27B7-4E3A-8164-B66D467FEAF1}.Ad-Hoc|iPhoneSimulator.Build.0 = Ad-Hoc|iPhoneSimulator
		{2FC032F7-27B7-4E3A-8164-B66D467FEAF1}.Ad-Hoc|iPhoneSimulator.Deploy.0 = Ad-Hoc|iPhoneSimulator
		{2FC032F7-27B7-4E3A-8164-B66D467FEAF1}.Ad-Hoc|x64.ActiveCfg = Ad-Hoc|iPhone
		{2FC032F7-27B7-4E3A-8164-B66D467FEAF1}.Ad-Hoc|x64.Build.0 = Ad-Hoc|iPhone
		{2FC032F7-27B7-4E3A-8164-B66D467FEAF1}.Ad-Hoc|x64.Deploy.0 = Ad-Hoc|iPhone
		{2FC032F7-27B7-4E3A-8164-B66D467FEAF1}.Ad-Hoc|x86.ActiveCfg = Ad-Hoc|iPhone
		{2FC032F7-27B7-4E3A-8164-B66D467FEAF1}.Ad-Hoc|x86.Build.0 = Ad-Hoc|iPhone
		{2FC032F7-27B7-4E3A-8164-B66D467FEAF1}.Ad-Hoc|x86.Deploy.0 = Ad-Hoc|iPhone
		{2FC032F7-27B7-4E3A-8164-B66D467FEAF1}.AppStore|Any CPU.ActiveCfg = AppStore|iPhone
		{2FC032F7-27B7-4E3A-8164-B66D467FEAF1}.AppStore|Any CPU.Build.0 = AppStore|iPhone
		{2FC032F7-27B7-4E3A-8164-B66D467FEAF1}.AppStore|Any CPU.Deploy.0 = AppStore|iPhone
		{2FC032F7-27B7-4E3A-8164-B66D467FEAF1}.AppStore|ARM.ActiveCfg = AppStore|iPhone
		{2FC032F7-27B7-4E3A-8164-B66D467FEAF1}.AppStore|ARM.Build.0 = AppStore|iPhone
		{2FC032F7-27B7-4E3A-8164-B66D467FEAF1}.AppStore|ARM.Deploy.0 = AppStore|iPhone
		{2FC032F7-27B7-4E3A-8164-B66D467FEAF1}.AppStore|iPhone.ActiveCfg = AppStore|iPhone
		{2FC032F7-27B7-4E3A-8164-B66D467FEAF1}.AppStore|iPhone.Build.0 = AppStore|iPhone
		{2FC032F7-27B7-4E3A-8164-B66D467FEAF1}.AppStore|iPhone.Deploy.0 = AppStore|iPhone
		{2FC032F7-27B7-4E3A-8164-B66D467FEAF1}.AppStore|iPhoneSimulator.ActiveCfg = AppStore|iPhoneSimulator
		{2FC032F7-27B7-4E3A-8164-B66D467FEAF1}.AppStore|iPhoneSimulator.Build.0 = AppStore|iPhoneSimulator
		{2FC032F7-27B7-4E3A-8164-B66D467FEAF1}.AppStore|iPhoneSimulator.Deploy.0 = AppStore|iPhoneSimulator
		{2FC032F7-27B7-4E3A-8164-B66D467FEAF1}.AppStore|x64.ActiveCfg = AppStore|iPhone
		{2FC032F7-27B7-4E3A-8164-B66D467FEAF1}.AppStore|x64.Build.0 = AppStore|iPhone
		{2FC032F7-27B7-4E3A-8164-B66D467FEAF1}.AppStore|x64.Deploy.0 = AppStore|iPhone
		{2FC032F7-27B7-4E3A-8164-B66D467FEAF1}.AppStore|x86.ActiveCfg = AppStore|iPhone
		{2FC032F7-27B7-4E3A-8164-B66D467FEAF1}.AppStore|x86.Build.0 = AppStore|iPhone
		{2FC032F7-27B7-4E3A-8164-B66D467FEAF1}.AppStore|x86.Deploy.0 = AppStore|iPhone
		{2FC032F7-27B7-4E3A-8164-B66D467FEAF1}.Debug|Any CPU.ActiveCfg = Debug|iPhoneSimulator
		{2FC032F7-27B7-4E3A-8164-B66D467FEAF1}.Debug|Any CPU.Build.0 = Debug|iPhoneSimulator
		{2FC032F7-27B7-4E3A-8164-B66D467FEAF1}.Debug|Any CPU.Deploy.0 = Debug|iPhoneSimulator
		{2FC032F7-27B7-4E3A-8164-B66D467FEAF1}.Debug|ARM.ActiveCfg = Debug|iPhone
		{2FC032F7-27B7-4E3A-8164-B66D467FEAF1}.Debug|ARM.Build.0 = Debug|iPhone
		{2FC032F7-27B7-4E3A-8164-B66D467FEAF1}.Debug|ARM.Deploy.0 = Debug|iPhone
		{2FC032F7-27B7-4E3A-8164-B66D467FEAF1}.Debug|iPhone.ActiveCfg = Debug|iPhone
		{2FC032F7-27B7-4E3A-8164-B66D467FEAF1}.Debug|iPhone.Build.0 = Debug|iPhone
		{2FC032F7-27B7-4E3A-8164-B66D467FEAF1}.Debug|iPhone.Deploy.0 = Debug|iPhone
		{2FC032F7-27B7-4E3A-8164-B66D467FEAF1}.Debug|iPhoneSimulator.ActiveCfg = Debug|iPhoneSimulator
		{2FC032F7-27B7-4E3A-8164-B66D467FEAF1}.Debug|iPhoneSimulator.Build.0 = Debug|iPhoneSimulator
		{2FC032F7-27B7-4E3A-8164-B66D467FEAF1}.Debug|iPhoneSimulator.Deploy.0 = Debug|iPhoneSimulator
		{2FC032F7-27B7-4E3A-8164-B66D467FEAF1}.Debug|x64.ActiveCfg = Debug|iPhone
		{2FC032F7-27B7-4E3A-8164-B66D467FEAF1}.Debug|x64.Build.0 = Debug|iPhone
		{2FC032F7-27B7-4E3A-8164-B66D467FEAF1}.Debug|x64.Deploy.0 = Debug|iPhone
		{2FC032F7-27B7-4E3A-8164-B66D467FEAF1}.Debug|x86.ActiveCfg = Debug|iPhone
		{2FC032F7-27B7-4E3A-8164-B66D467FEAF1}.Debug|x86.Build.0 = Debug|iPhone
		{2FC032F7-27B7-4E3A-8164-B66D467FEAF1}.Debug|x86.Deploy.0 = Debug|iPhone
		{2FC032F7-27B7-4E3A-8164-B66D467FEAF1}.Release|Any CPU.ActiveCfg = Release|iPhone
		{2FC032F7-27B7-4E3A-8164-B66D467FEAF1}.Release|Any CPU.Build.0 = Release|iPhone
		{2FC032F7-27B7-4E3A-8164-B66D467FEAF1}.Release|Any CPU.Deploy.0 = Release|iPhone
		{2FC032F7-27B7-4E3A-8164-B66D467FEAF1}.Release|ARM.ActiveCfg = Release|iPhone
		{2FC032F7-27B7-4E3A-8164-B66D467FEAF1}.Release|ARM.Build.0 = Release|iPhone
		{2FC032F7-27B7-4E3A-8164-B66D467FEAF1}.Release|ARM.Deploy.0 = Release|iPhone
		{2FC032F7-27B7-4E3A-8164-B66D467FEAF1}.Release|iPhone.ActiveCfg = Release|iPhone
		{2FC032F7-27B7-4E3A-8164-B66D467FEAF1}.Release|iPhone.Build.0 = Release|iPhone
		{2FC032F7-27B7-4E3A-8164-B66D467FEAF1}.Release|iPhone.Deploy.0 = Release|iPhone
		{2FC032F7-27B7-4E3A-8164-B66D467FEAF1}.Release|iPhoneSimulator.ActiveCfg = Release|iPhoneSimulator
		{2FC032F7-27B7-4E3A-8164-B66D467FEAF1}.Release|iPhoneSimulator.Build.0 = Release|iPhoneSimulator
		{2FC032F7-27B7-4E3A-8164-B66D467FEAF1}.Release|iPhoneSimulator.Deploy.0 = Release|iPhoneSimulator
		{2FC032F7-27B7-4E3A-8164-B66D467FEAF1}.Release|x64.ActiveCfg = Release|iPhone
		{2FC032F7-27B7-4E3A-8164-B66D467FEAF1}.Release|x64.Build.0 = Release|iPhone
		{2FC032F7-27B7-4E3A-8164-B66D467FEAF1}.Release|x64.Deploy.0 = Release|iPhone
		{2FC032F7-27B7-4E3A-8164-B66D467FEAF1}.Release|x86.ActiveCfg = Release|iPhone
		{2FC032F7-27B7-4E3A-8164-B66D467FEAF1}.Release|x86.Build.0 = Release|iPhone
		{2FC032F7-27B7-4E3A-8164-B66D467FEAF1}.Release|x86.Deploy.0 = Release|iPhone
		{119BFFC8-4290-4793-80B0-00C14D48ADAA}.Ad-Hoc|Any CPU.ActiveCfg = Release|x86
		{119BFFC8-4290-4793-80B0-00C14D48ADAA}.Ad-Hoc|Any CPU.Build.0 = Release|x86
		{119BFFC8-4290-4793-80B0-00C14D48ADAA}.Ad-Hoc|Any CPU.Deploy.0 = Release|x86
		{119BFFC8-4290-4793-80B0-00C14D48ADAA}.Ad-Hoc|ARM.ActiveCfg = Release|ARM
		{119BFFC8-4290-4793-80B0-00C14D48ADAA}.Ad-Hoc|ARM.Build.0 = Release|ARM
		{119BFFC8-4290-4793-80B0-00C14D48ADAA}.Ad-Hoc|ARM.Deploy.0 = Release|ARM
		{119BFFC8-4290-4793-80B0-00C14D48ADAA}.Ad-Hoc|iPhone.ActiveCfg = Release|x86
		{119BFFC8-4290-4793-80B0-00C14D48ADAA}.Ad-Hoc|iPhone.Build.0 = Release|x86
		{119BFFC8-4290-4793-80B0-00C14D48ADAA}.Ad-Hoc|iPhone.Deploy.0 = Release|x86
		{119BFFC8-4290-4793-80B0-00C14D48ADAA}.Ad-Hoc|iPhoneSimulator.ActiveCfg = Release|x86
		{119BFFC8-4290-4793-80B0-00C14D48ADAA}.Ad-Hoc|iPhoneSimulator.Build.0 = Release|x86
		{119BFFC8-4290-4793-80B0-00C14D48ADAA}.Ad-Hoc|iPhoneSimulator.Deploy.0 = Release|x86
		{119BFFC8-4290-4793-80B0-00C14D48ADAA}.Ad-Hoc|x64.ActiveCfg = Release|x64
		{119BFFC8-4290-4793-80B0-00C14D48ADAA}.Ad-Hoc|x64.Build.0 = Release|x64
		{119BFFC8-4290-4793-80B0-00C14D48ADAA}.Ad-Hoc|x64.Deploy.0 = Release|x64
		{119BFFC8-4290-4793-80B0-00C14D48ADAA}.Ad-Hoc|x86.ActiveCfg = Release|x86
		{119BFFC8-4290-4793-80B0-00C14D48ADAA}.Ad-Hoc|x86.Build.0 = Release|x86
		{119BFFC8-4290-4793-80B0-00C14D48ADAA}.Ad-Hoc|x86.Deploy.0 = Release|x86
		{119BFFC8-4290-4793-80B0-00C14D48ADAA}.AppStore|Any CPU.ActiveCfg = Release|x86
		{119BFFC8-4290-4793-80B0-00C14D48ADAA}.AppStore|Any CPU.Build.0 = Release|x86
		{119BFFC8-4290-4793-80B0-00C14D48ADAA}.AppStore|Any CPU.Deploy.0 = Release|x86
		{119BFFC8-4290-4793-80B0-00C14D48ADAA}.AppStore|ARM.ActiveCfg = Release|ARM
		{119BFFC8-4290-4793-80B0-00C14D48ADAA}.AppStore|ARM.Build.0 = Release|ARM
		{119BFFC8-4290-4793-80B0-00C14D48ADAA}.AppStore|ARM.Deploy.0 = Release|ARM
		{119BFFC8-4290-4793-80B0-00C14D48ADAA}.AppStore|iPhone.ActiveCfg = Release|x86
		{119BFFC8-4290-4793-80B0-00C14D48ADAA}.AppStore|iPhone.Build.0 = Release|x86
		{119BFFC8-4290-4793-80B0-00C14D48ADAA}.AppStore|iPhone.Deploy.0 = Release|x86
		{119BFFC8-4290-4793-80B0-00C14D48ADAA}.AppStore|iPhoneSimulator.ActiveCfg = Release|x86
		{119BFFC8-4290-4793-80B0-00C14D48ADAA}.AppStore|iPhoneSimulator.Build.0 = Release|x86
		{119BFFC8-4290-4793-80B0-00C14D48ADAA}.AppStore|iPhoneSimulator.Deploy.0 = Release|x86
		{119BFFC8-4290-4793-80B0-00C14D48ADAA}.AppStore|x64.ActiveCfg = Release|x64
		{119BFFC8-4290-4793-80B0-00C14D48ADAA}.AppStore|x64.Build.0 = Release|x64
		{119BFFC8-4290-4793-80B0-00C14D48ADAA}.AppStore|x64.Deploy.0 = Release|x64
		{119BFFC8-4290-4793-80B0-00C14D48ADAA}.AppStore|x86.ActiveCfg = Release|x86
		{119BFFC8-4290-4793-80B0-00C14D48ADAA}.AppStore|x86.Build.0 = Release|x86
		{119BFFC8-4290-4793-80B0-00C14D48ADAA}.AppStore|x86.Deploy.0 = Release|x86
		{119BFFC8-4290-4793-80B0-00C14D48ADAA}.Debug|Any CPU.ActiveCfg = Debug|x86
		{119BFFC8-4290-4793-80B0-00C14D48ADAA}.Debug|Any CPU.Build.0 = Debug|x86
		{119BFFC8-4290-4793-80B0-00C14D48ADAA}.Debug|Any CPU.Deploy.0 = Debug|x86
		{119BFFC8-4290-4793-80B0-00C14D48ADAA}.Debug|ARM.ActiveCfg = Debug|ARM
		{119BFFC8-4290-4793-80B0-00C14D48ADAA}.Debug|ARM.Build.0 = Debug|ARM
		{119BFFC8-4290-4793-80B0-00C14D48ADAA}.Debug|ARM.Deploy.0 = Debug|ARM
		{119BFFC8-4290-4793-80B0-00C14D48ADAA}.Debug|iPhone.ActiveCfg = Debug|x86
		{119BFFC8-4290-4793-80B0-00C14D48ADAA}.Debug|iPhone.Build.0 = Debug|x86
		{119BFFC8-4290-4793-80B0-00C14D48ADAA}.Debug|iPhone.Deploy.0 = Debug|x86
		{119BFFC8-4290-4793-80B0-00C14D48ADAA}.Debug|iPhoneSimulator.ActiveCfg = Debug|x86
		{119BFFC8-4290-4793-80B0-00C14D48ADAA}.Debug|iPhoneSimulator.Build.0 = Debug|x86
		{119BFFC8-4290-4793-80B0-00C14D48ADAA}.Debug|iPhoneSimulator.Deploy.0 = Debug|x86
		{119BFFC8-4290-4793-80B0-00C14D48ADAA}.Debug|x64.ActiveCfg = Debug|x64
		{119BFFC8-4290-4793-80B0-00C14D48ADAA}.Debug|x64.Build.0 = Debug|x64
		{119BFFC8-4290-4793-80B0-00C14D48ADAA}.Debug|x64.Deploy.0 = Debug|x64
		{119BFFC8-4290-4793-80B0-00C14D48ADAA}.Debug|x86.ActiveCfg = Debug|x86
		{119BFFC8-4290-4793-80B0-00C14D48ADAA}.Debug|x86.Build.0 = Debug|x86
		{119BFFC8-4290-4793-80B0-00C14D48ADAA}.Debug|x86.Deploy.0 = Debug|x86
		{119BFFC8-4290-4793-80B0-00C14D48ADAA}.Release|Any CPU.ActiveCfg = Release|x86
		{119BFFC8-4290-4793-80B0-00C14D48ADAA}.Release|Any CPU.Build.0 = Release|x86
		{119BFFC8-4290-4793-80B0-00C14D48ADAA}.Release|Any CPU.Deploy.0 = Release|x86
		{119BFFC8-4290-4793-80B0-00C14D48ADAA}.Release|ARM.ActiveCfg = Release|ARM
		{119BFFC8-4290-4793-80B0-00C14D48ADAA}.Release|ARM.Build.0 = Release|ARM
		{119BFFC8-4290-4793-80B0-00C14D48ADAA}.Release|ARM.Deploy.0 = Release|ARM
		{119BFFC8-4290-4793-80B0-00C14D48ADAA}.Release|iPhone.ActiveCfg = Release|x86
		{119BFFC8-4290-4793-80B0-00C14D48ADAA}.Release|iPhone.Build.0 = Release|x86
		{119BFFC8-4290-4793-80B0-00C14D48ADAA}.Release|iPhone.Deploy.0 = Release|x86
		{119BFFC8-4290-4793-80B0-00C14D48ADAA}.Release|iPhoneSimulator.ActiveCfg = Release|x86
		{119BFFC8-4290-4793-80B0-00C14D48ADAA}.Release|iPhoneSimulator.Build.0 = Release|x86
		{119BFFC8-4290-4793-80B0-00C14D48ADAA}.Release|iPhoneSimulator.Deploy.0 = Release|x86
		{119BFFC8-4290-4793-80B0-00C14D48ADAA}.Release|x64.ActiveCfg = Release|x64
		{119BFFC8-4290-4793-80B0-00C14D48ADAA}.Release|x64.Build.0 = Release|x64
		{119BFFC8-4290-4793-80B0-00C14D48ADAA}.Release|x64.Deploy.0 = Release|x64
		{119BFFC8-4290-4793-80B0-00C14D48ADAA}.Release|x86.ActiveCfg = Release|x86
		{119BFFC8-4290-4793-80B0-00C14D48ADAA}.Release|x86.Build.0 = Release|x86
		{119BFFC8-4290-4793-80B0-00C14D48ADAA}.Release|x86.Deploy.0 = Release|x86
	EndGlobalSection
	GlobalSection(SolutionProperties) = preSolution
		HideSolutionNode = FALSE
	EndGlobalSection
	GlobalSection(ExtensibilityGlobals) = postSolution
		SolutionGuid = {BEB1F1BA-ABB8-4BCD-B945-0D7198728E27}
	EndGlobalSection
EndGlobal
